PODS:
  - BeastComponents (0.1.1)

DEPENDENCIES:
  - BeastComponents (from `https://github.com/istsest/BeastComponents.git`)

EXTERNAL SOURCES:
  BeastComponents:
    :git: https://github.com/istsest/BeastComponents.git

CHECKOUT OPTIONS:
  BeastComponents:
    :commit: 1de518457ece798dc1d0bde71443843dc3f724a4
    :git: https://github.com/istsest/BeastComponents.git

SPEC CHECKSUMS:
  BeastComponents: 6b1bf6c51b00d57e6358689ebeee3d78a07a1d54

PODFILE CHECKSUM: 262f9a98318f72ba301a836e6acdeb8baa165f99

COCOAPODS: 1.2.1
